{
  "name": "k8s-keda-demo",
  "version": "0.0.0",
  "lockfileVersion": 2,
  "requires": true,
  "packages": {
    "": {
      "name": "k8s-keda-demo",
      "version": "0.0.0",
      "license": "ISC",
      "dependencies": {
        "@cloudamqp/amqp-client": "^2.1.0"
      }
    },
    "node_modules/@cloudamqp/amqp-client": {
      "version": "2.1.0",
      "resolved": "https://registry.npmjs.org/@cloudamqp/amqp-client/-/amqp-client-2.1.0.tgz",
      "integrity": "sha512-2dPPvsSpFFjX73zfpaRBL1abm6M3AdZmuJibDKZAvG+li9+yyALLmQ/7s3qN6n4aFPAHU4RThL7NK+qPUU3/Lw==",
      "engines": {
        "node": ">=12.0.0"
      }
    }
  },
  "dependencies": {
    "@cloudamqp/amqp-client": {
      "version": "2.1.0",
      "resolved": "https://registry.npmjs.org/@cloudamqp/amqp-client/-/amqp-client-2.1.0.tgz",
      "integrity": "sha512-2dPPvsSpFFjX73zfpaRBL1abm6M3AdZmuJibDKZAvG+li9+yyALLmQ/7s3qN6n4aFPAHU4RThL7NK+qPUU3/Lw=="
    }
  }
}
